
Microsoft Visual Studio Solution File, Format Version 12.00
# Visual Studio Version 17
VisualStudioVersion = 17.0.31903.59
MinimumVisualStudioVersion = 10.0.40219.1
Project("{2150E333-8FDC-42A3-9474-1A3956D46DE8}") = "src", "src", "{827E0CD3-B72D-47B6-A68D-7590B98EB39B}"
EndProject
Project("{FAE04EC0-301F-11D3-BF4B-00C04F79EFBC}") = "PrimeiraApi", "src\PrimeiraApi\PrimeiraApi.csproj", "{AEE4CE0C-1735-4E7D-9699-DC8FCA6B45B0}"
EndProject
Project("{FAE04EC0-301F-11D3-BF4B-00C04F79EFBC}") = "MinimalApi", "src\MinimalApi\MinimalApi.csproj", "{D5A39565-8908-4463-A8C4-D6AF5E258B8F}"
EndProject
Project("{FAE04EC0-301F-11D3-BF4B-00C04F79EFBC}") = "ApiFuncional", "src\ApiFuncional\ApiFuncional.csproj", "{E3CDD4AA-3929-4938-B144-3BAAA3B301F9}"
EndProject
Global
	GlobalSection(SolutionConfigurationPlatforms) = preSolution
		Debug|Any CPU = Debug|Any CPU
		Debug|x64 = Debug|x64
		Debug|x86 = Debug|x86
		Release|Any CPU = Release|Any CPU
		Release|x64 = Release|x64
		Release|x86 = Release|x86
	EndGlobalSection
	GlobalSection(ProjectConfigurationPlatforms) = postSolution
		{AEE4CE0C-1735-4E7D-9699-DC8FCA6B45B0}.Debug|Any CPU.ActiveCfg = Debug|Any CPU
		{AEE4CE0C-1735-4E7D-9699-DC8FCA6B45B0}.Debug|Any CPU.Build.0 = Debug|Any CPU
		{AEE4CE0C-1735-4E7D-9699-DC8FCA6B45B0}.Debug|x64.ActiveCfg = Debug|Any CPU
		{AEE4CE0C-1735-4E7D-9699-DC8FCA6B45B0}.Debug|x64.Build.0 = Debug|Any CPU
		{AEE4CE0C-1735-4E7D-9699-DC8FCA6B45B0}.Debug|x86.ActiveCfg = Debug|Any CPU
		{AEE4CE0C-1735-4E7D-9699-DC8FCA6B45B0}.Debug|x86.Build.0 = Debug|Any CPU
		{AEE4CE0C-1735-4E7D-9699-DC8FCA6B45B0}.Release|Any CPU.ActiveCfg = Release|Any CPU
		{AEE4CE0C-1735-4E7D-9699-DC8FCA6B45B0}.Release|Any CPU.Build.0 = Release|Any CPU
		{AEE4CE0C-1735-4E7D-9699-DC8FCA6B45B0}.Release|x64.ActiveCfg = Release|Any CPU
		{AEE4CE0C-1735-4E7D-9699-DC8FCA6B45B0}.Release|x64.Build.0 = Release|Any CPU
		{AEE4CE0C-1735-4E7D-9699-DC8FCA6B45B0}.Release|x86.ActiveCfg = Release|Any CPU
		{AEE4CE0C-1735-4E7D-9699-DC8FCA6B45B0}.Release|x86.Build.0 = Release|Any CPU
		{D5A39565-8908-4463-A8C4-D6AF5E258B8F}.Debug|Any CPU.ActiveCfg = Debug|Any CPU
		{D5A39565-8908-4463-A8C4-D6AF5E258B8F}.Debug|Any CPU.Build.0 = Debug|Any CPU
		{D5A39565-8908-4463-A8C4-D6AF5E258B8F}.Debug|x64.ActiveCfg = Debug|Any CPU
		{D5A39565-8908-4463-A8C4-D6AF5E258B8F}.Debug|x64.Build.0 = Debug|Any CPU
		{D5A39565-8908-4463-A8C4-D6AF5E258B8F}.Debug|x86.ActiveCfg = Debug|Any CPU
		{D5A39565-8908-4463-A8C4-D6AF5E258B8F}.Debug|x86.Build.0 = Debug|Any CPU
		{D5A39565-8908-4463-A8C4-D6AF5E258B8F}.Release|Any CPU.ActiveCfg = Release|Any CPU
		{D5A39565-8908-4463-A8C4-D6AF5E258B8F}.Release|Any CPU.Build.0 = Release|Any CPU
		{D5A39565-8908-4463-A8C4-D6AF5E258B8F}.Release|x64.ActiveCfg = Release|Any CPU
		{D5A39565-8908-4463-A8C4-D6AF5E258B8F}.Release|x64.Build.0 = Release|Any CPU
		{D5A39565-8908-4463-A8C4-D6AF5E258B8F}.Release|x86.ActiveCfg = Release|Any CPU
		{D5A39565-8908-4463-A8C4-D6AF5E258B8F}.Release|x86.Build.0 = Release|Any CPU
		{E3CDD4AA-3929-4938-B144-3BAAA3B301F9}.Debug|Any CPU.ActiveCfg = Debug|Any CPU
		{E3CDD4AA-3929-4938-B144-3BAAA3B301F9}.Debug|Any CPU.Build.0 = Debug|Any CPU
		{E3CDD4AA-3929-4938-B144-3BAAA3B301F9}.Debug|x64.ActiveCfg = Debug|Any CPU
		{E3CDD4AA-3929-4938-B144-3BAAA3B301F9}.Debug|x64.Build.0 = Debug|Any CPU
		{E3CDD4AA-3929-4938-B144-3BAAA3B301F9}.Debug|x86.ActiveCfg = Debug|Any CPU
		{E3CDD4AA-3929-4938-B144-3BAAA3B301F9}.Debug|x86.Build.0 = Debug|Any CPU
		{E3CDD4AA-3929-4938-B144-3BAAA3B301F9}.Release|Any CPU.ActiveCfg = Release|Any CPU
		{E3CDD4AA-3929-4938-B144-3BAAA3B301F9}.Release|Any CPU.Build.0 = Release|Any CPU
		{E3CDD4AA-3929-4938-B144-3BAAA3B301F9}.Release|x64.ActiveCfg = Release|Any CPU
		{E3CDD4AA-3929-4938-B144-3BAAA3B301F9}.Release|x64.Build.0 = Release|Any CPU
		{E3CDD4AA-3929-4938-B144-3BAAA3B301F9}.Release|x86.ActiveCfg = Release|Any CPU
		{E3CDD4AA-3929-4938-B144-3BAAA3B301F9}.Release|x86.Build.0 = Release|Any CPU
	EndGlobalSection
	GlobalSection(SolutionProperties) = preSolution
		HideSolutionNode = FALSE
	EndGlobalSection
	GlobalSection(NestedProjects) = preSolution
		{AEE4CE0C-1735-4E7D-9699-DC8FCA6B45B0} = {827E0CD3-B72D-47B6-A68D-7590B98EB39B}
		{D5A39565-8908-4463-A8C4-D6AF5E258B8F} = {827E0CD3-B72D-47B6-A68D-7590B98EB39B}
		{E3CDD4AA-3929-4938-B144-3BAAA3B301F9} = {827E0CD3-B72D-47B6-A68D-7590B98EB39B}
	EndGlobalSection
EndGlobal
